
Microsoft Visual Studio Solution File, Format Version 12.00
# Visual Studio Version 17
VisualStudioVersion = 17.14.36301.6 d17.14
MinimumVisualStudioVersion = 10.0.40219.1
Project("{FAE04EC0-301F-11D3-BF4B-00C04F79EFBC}") = "MyNotes", "MyNotes\MyNotes.csproj", "{866676EC-802B-464F-82C9-B2851A5B6BA1}"
EndProject
Global
	GlobalSection(SolutionConfigurationPlatforms) = preSolution
		Debug|Any CPU = Debug|Any CPU
		Release|Any CPU = Release|Any CPU
	EndGlobalSection
	GlobalSection(ProjectConfigurationPlatforms) = postSolution
		{866676EC-802B-464F-82C9-B2851A5B6BA1}.Debug|Any CPU.ActiveCfg = Debug|Any CPU
		{866676EC-802B-464F-82C9-B2851A5B6BA1}.Debug|Any CPU.Build.0 = Debug|Any CPU
		{866676EC-802B-464F-82C9-B2851A5B6BA1}.Release|Any CPU.ActiveCfg = Release|Any CPU
		{866676EC-802B-464F-82C9-B2851A5B6BA1}.Release|Any CPU.Build.0 = Release|Any CPU
	EndGlobalSection
	GlobalSection(SolutionProperties) = preSolution
		HideSolutionNode = FALSE
	EndGlobalSection
	GlobalSection(ExtensibilityGlobals) = postSolution
		SolutionGuid = {81D23916-F472-47BF-9C2C-5404F274ED2F}
	EndGlobalSection
EndGlobal
